// !$*UTF8*$!
{
	archiveVersion = 1;
	classes = {
	};
	objectVersion = 50;
	objects = {

/* Begin PBXBuildFile section */
		FFFE89CF25CBD6F800DDFE86 /* AppDelegate.m in Sources */ = {isa = PBXBuildFile; fileRef = FFFE89CE25CBD6F800DDFE86 /* AppDelegate.m */; };
		FFFE89D225CBD6F800DDFE86 /* SceneDelegate.m in Sources */ = {isa = PBXBuildFile; fileRef = FFFE89D125CBD6F800DDFE86 /* SceneDelegate.m */; };
		FFFE89D525CBD6F800DDFE86 /* ViewController.m in Sources */ = {isa = PBXBuildFile; fileRef = FFFE89D425CBD6F800DDFE86 /* ViewController.m */; };
		FFFE89D825CBD6F800DDFE86 /* Main.storyboard in Resources */ = {isa = PBXBuildFile; fileRef = FFFE89D625CBD6F800DDFE86 /* Main.storyboard */; };
		FFFE89DA25CBD6F900DDFE86 /* Assets.xcassets in Resources */ = {isa = PBXBuildFile; fileRef = FFFE89D925CBD6F900DDFE86 /* Assets.xcassets */; };
		FFFE89DD25CBD6F900DDFE86 /* LaunchScreen.storyboard in Resources */ = {isa = PBXBuildFile; fileRef = FFFE89DB25CBD6F900DDFE86 /* LaunchScreen.storyboard */; };
		FFFE89E025CBD6F900DDFE86 /* main.m in Sources */ = {isa = PBXBuildFile; fileRef = FFFE89DF25CBD6F900DDFE86 /* main.m */; };
		FFFE89EA25CBD6F900DDFE86 /* DocolSampleTests.m in Sources */ = {isa = PBXBuildFile; fileRef = FFFE89E925CBD6F900DDFE86 /* DocolSampleTests.m */; };
		FFFE89F525CBD6F900DDFE86 /* DocolSampleUITests.m in Sources */ = {isa = PBXBuildFile; fileRef = FFFE89F425CBD6F900DDFE86 /* DocolSampleUITests.m */; };
		FFFE8A0925CBD77B00DDFE86 /* DocolFileServer.framework in Frameworks */ = {isa = PBXBuildFile; fileRef = FFFE8A0625CBD77B00DDFE86 /* DocolFileServer.framework */; };
		FFFE8A0A25CBD77B00DDFE86 /* DocolFileServer.framework in Embed Frameworks */ = {isa = PBXBuildFile; fileRef = FFFE8A0625CBD77B00DDFE86 /* DocolFileServer.framework */; settings = {ATTRIBUTES = (CodeSignOnCopy, RemoveHeadersOnCopy, ); }; };
		FFFE8A0B25CBD77B00DDFE86 /* DocolMovie.framework in Frameworks */ = {isa = PBXBuildFile; fileRef = FFFE8A0725CBD77B00DDFE86 /* DocolMovie.framework */; };
		FFFE8A0C25CBD77B00DDFE86 /* DocolMovie.framework in Embed Frameworks */ = {isa = PBXBuildFile; fileRef = FFFE8A0725CBD77B00DDFE86 /* DocolMovie.framework */; settings = {ATTRIBUTES = (CodeSignOnCopy, RemoveHeadersOnCopy, ); }; };
		FFFE8A0D25CBD77B00DDFE86 /* DocolPlayer.framework in Frameworks */ = {isa = PBXBuildFile; fileRef = FFFE8A0825CBD77B00DDFE86 /* DocolPlayer.framework */; };
		FFFE8A0E25CBD77B00DDFE86 /* DocolPlayer.framework in Embed Frameworks */ = {isa = PBXBuildFile; fileRef = FFFE8A0825CBD77B00DDFE86 /* DocolPlayer.framework */; settings = {ATTRIBUTES = (CodeSignOnCopy, RemoveHeadersOnCopy, ); }; };
/* End PBXBuildFile section */

/* Begin PBXContainerItemProxy section */
		FFFE89E625CBD6F900DDFE86 /* PBXContainerItemProxy */ = {
			isa = PBXContainerItemProxy;
			containerPortal = FFFE89C225CBD6F800DDFE86 /* Project object */;
			proxyType = 1;
			remoteGlobalIDString = FFFE89C925CBD6F800DDFE86;
			remoteInfo = DocolSample;
		};
		FFFE89F125CBD6F900DDFE86 /* PBXContainerItemProxy */ = {
			isa = PBXContainerItemProxy;
			containerPortal = FFFE89C225CBD6F800DDFE86 /* Project object */;
			proxyType = 1;
			remoteGlobalIDString = FFFE89C925CBD6F800DDFE86;
			remoteInfo = DocolSample;
		};
/* End PBXContainerItemProxy section */

/* Begin PBXCopyFilesBuildPhase section */
		FFFE8A0F25CBD77B00DDFE86 /* Embed Frameworks */ = {
			isa = PBXCopyFilesBuildPhase;
			buildActionMask = 2147483647;
			dstPath = "";
			dstSubfolderSpec = 10;
			files = (
				FFFE8A0E25CBD77B00DDFE86 /* DocolPlayer.framework in Embed Frameworks */,
				FFFE8A0A25CBD77B00DDFE86 /* DocolFileServer.framework in Embed Frameworks */,
				FFFE8A0C25CBD77B00DDFE86 /* DocolMovie.framework in Embed Frameworks */,
			);
			name = "Embed Frameworks";
			runOnlyForDeploymentPostprocessing = 0;
		};
/* End PBXCopyFilesBuildPhase section */

/* Begin PBXFileReference section */
		FFFE89CA25CBD6F800DDFE86 /* DocolSample.app */ = {isa = PBXFileReference; explicitFileType = wrapper.application; includeInIndex = 0; path = DocolSample.app; sourceTree = BUILT_PRODUCTS_DIR; };
		FFFE89CD25CBD6F800DDFE86 /* AppDelegate.h */ = {isa = PBXFileReference; lastKnownFileType = sourcecode.c.h; path = AppDelegate.h; sourceTree = "<group>"; };
		FFFE89CE25CBD6F800DDFE86 /* AppDelegate.m */ = {isa = PBXFileReference; lastKnownFileType = sourcecode.c.objc; path = AppDelegate.m; sourceTree = "<group>"; };
		FFFE89D025CBD6F800DDFE86 /* SceneDelegate.h */ = {isa = PBXFileReference; lastKnownFileType = sourcecode.c.h; path = SceneDelegate.h; sourceTree = "<group>"; };
		FFFE89D125CBD6F800DDFE86 /* SceneDelegate.m */ = {isa = PBXFileReference; lastKnownFileType = sourcecode.c.objc; path = SceneDelegate.m; sourceTree = "<group>"; };
		FFFE89D325CBD6F800DDFE86 /* ViewController.h */ = {isa = PBXFileReference; lastKnownFileType = sourcecode.c.h; path = ViewController.h; sourceTree = "<group>"; };
		FFFE89D425CBD6F800DDFE86 /* ViewController.m */ = {isa = PBXFileReference; lastKnownFileType = sourcecode.c.objc; path = ViewController.m; sourceTree = "<group>"; };
		FFFE89D725CBD6F800DDFE86 /* Base */ = {isa = PBXFileReference; lastKnownFileType = file.storyboard; name = Base; path = Base.lproj/Main.storyboard; sourceTree = "<group>"; };
		FFFE89D925CBD6F900DDFE86 /* Assets.xcassets */ = {isa = PBXFileReference; lastKnownFileType = folder.assetcatalog; path = Assets.xcassets; sourceTree = "<group>"; };
		FFFE89DC25CBD6F900DDFE86 /* Base */ = {isa = PBXFileReference; lastKnownFileType = file.storyboard; name = Base; path = Base.lproj/LaunchScreen.storyboard; sourceTree = "<group>"; };
		FFFE89DE25CBD6F900DDFE86 /* Info.plist */ = {isa = PBXFileReference; lastKnownFileType = text.plist.xml; path = Info.plist; sourceTree = "<group>"; };
		FFFE89DF25CBD6F900DDFE86 /* main.m */ = {isa = PBXFileReference; lastKnownFileType = sourcecode.c.objc; path = main.m; sourceTree = "<group>"; };
		FFFE89E525CBD6F900DDFE86 /* DocolSampleTests.xctest */ = {isa = PBXFileReference; explicitFileType = wrapper.cfbundle; includeInIndex = 0; path = DocolSampleTests.xctest; sourceTree = BUILT_PRODUCTS_DIR; };
		FFFE89E925CBD6F900DDFE86 /* DocolSampleTests.m */ = {isa = PBXFileReference; lastKnownFileType = sourcecode.c.objc; path = DocolSampleTests.m; sourceTree = "<group>"; };
		FFFE89EB25CBD6F900DDFE86 /* Info.plist */ = {isa = PBXFileReference; lastKnownFileType = text.plist.xml; path = Info.plist; sourceTree = "<group>"; };
		FFFE89F025CBD6F900DDFE86 /* DocolSampleUITests.xctest */ = {isa = PBXFileReference; explicitFileType = wrapper.cfbundle; includeInIndex = 0; path = DocolSampleUITests.xctest; sourceTree = BUILT_PRODUCTS_DIR; };
		FFFE89F425CBD6F900DDFE86 /* DocolSampleUITests.m */ = {isa = PBXFileReference; lastKnownFileType = sourcecode.c.objc; path = DocolSampleUITests.m; sourceTree = "<group>"; };
		FFFE89F625CBD6F900DDFE86 /* Info.plist */ = {isa = PBXFileReference; lastKnownFileType = text.plist.xml; path = Info.plist; sourceTree = "<group>"; };
		FFFE8A0625CBD77B00DDFE86 /* DocolFileServer.framework */ = {isa = PBXFileReference; explicitFileType = wrapper.framework; path = DocolFileServer.framework; sourceTree = BUILT_PRODUCTS_DIR; };
		FFFE8A0725CBD77B00DDFE86 /* DocolMovie.framework */ = {isa = PBXFileReference; explicitFileType = wrapper.framework; path = DocolMovie.framework; sourceTree = BUILT_PRODUCTS_DIR; };
		FFFE8A0825CBD77B00DDFE86 /* DocolPlayer.framework */ = {isa = PBXFileReference; explicitFileType = wrapper.framework; path = DocolPlayer.framework; sourceTree = BUILT_PRODUCTS_DIR; };
/* End PBXFileReference section */

/* Begin PBXFrameworksBuildPhase section */
		FFFE89C725CBD6F800DDFE86 /* Frameworks */ = {
			isa = PBXFrameworksBuildPhase;
			buildActionMask = 2147483647;
			files = (
				FFFE8A0D25CBD77B00DDFE86 /* DocolPlayer.framework in Frameworks */,
				FFFE8A0925CBD77B00DDFE86 /* DocolFileServer.framework in Frameworks */,
				FFFE8A0B25CBD77B00DDFE86 /* DocolMovie.framework in Frameworks */,
			);
			runOnlyForDeploymentPostprocessing = 0;
		};
		FFFE89E225CBD6F900DDFE86 /* Frameworks */ = {
			isa = PBXFrameworksBuildPhase;
			buildActionMask = 2147483647;
			files = (
			);
			runOnlyForDeploymentPostprocessing = 0;
		};
		FFFE89ED25CBD6F900DDFE86 /* Frameworks */ = {
			isa = PBXFrameworksBuildPhase;
			buildActionMask = 2147483647;
			files = (
			);
			runOnlyForDeploymentPostprocessing = 0;
		};
/* End PBXFrameworksBuildPhase section */

/* Begin PBXGroup section */
		FFFE89C125CBD6F800DDFE86 = {
			isa = PBXGroup;
			children = (
				FFFE89CC25CBD6F800DDFE86 /* DocolSample */,
				FFFE89E825CBD6F900DDFE86 /* DocolSampleTests */,
				FFFE89F325CBD6F900DDFE86 /* DocolSampleUITests */,
				FFFE89CB25CBD6F800DDFE86 /* Products */,
				FFFE8A0525CBD77B00DDFE86 /* Frameworks */,
			);
			sourceTree = "<group>";
		};
		FFFE89CB25CBD6F800DDFE86 /* Products */ = {
			isa = PBXGroup;
			children = (
				FFFE89CA25CBD6F800DDFE86 /* DocolSample.app */,
				FFFE89E525CBD6F900DDFE86 /* DocolSampleTests.xctest */,
				FFFE89F025CBD6F900DDFE86 /* DocolSampleUITests.xctest */,
			);
			name = Products;
			sourceTree = "<group>";
		};
		FFFE89CC25CBD6F800DDFE86 /* DocolSample */ = {
			isa = PBXGroup;
			children = (
				FFFE89CD25CBD6F800DDFE86 /* AppDelegate.h */,
				FFFE89CE25CBD6F800DDFE86 /* AppDelegate.m */,
				FFFE89D025CBD6F800DDFE86 /* SceneDelegate.h */,
				FFFE89D125CBD6F800DDFE86 /* SceneDelegate.m */,
				FFFE89D325CBD6F800DDFE86 /* ViewController.h */,
				FFFE89D425CBD6F800DDFE86 /* ViewController.m */,
				FFFE89D625CBD6F800DDFE86 /* Main.storyboard */,
				FFFE89D925CBD6F900DDFE86 /* Assets.xcassets */,
				FFFE89DB25CBD6F900DDFE86 /* LaunchScreen.storyboard */,
				FFFE89DE25CBD6F900DDFE86 /* Info.plist */,
				FFFE89DF25CBD6F900DDFE86 /* main.m */,
			);
			path = DocolSample;
			sourceTree = "<group>";
		};
		FFFE89E825CBD6F900DDFE86 /* DocolSampleTests */ = {
			isa = PBXGroup;
			children = (
				FFFE89E925CBD6F900DDFE86 /* DocolSampleTests.m */,
				FFFE89EB25CBD6F900DDFE86 /* Info.plist */,
			);
			path = DocolSampleTests;
			sourceTree = "<group>";
		};
		FFFE89F325CBD6F900DDFE86 /* DocolSampleUITests */ = {
			isa = PBXGroup;
			children = (
				FFFE89F425CBD6F900DDFE86 /* DocolSampleUITests.m */,
				FFFE89F625CBD6F900DDFE86 /* Info.plist */,
			);
			path = DocolSampleUITests;
			sourceTree = "<group>";
		};
		FFFE8A0525CBD77B00DDFE86 /* Frameworks */ = {
			isa = PBXGroup;
			children = (
				FFFE8A0625CBD77B00DDFE86 /* DocolFileServer.framework */,
				FFFE8A0725CBD77B00DDFE86 /* DocolMovie.framework */,
				FFFE8A0825CBD77B00DDFE86 /* DocolPlayer.framework */,
			);
			name = Frameworks;
			sourceTree = "<group>";
		};
/* End PBXGroup section */

/* Begin PBXNativeTarget section */
		FFFE89C925CBD6F800DDFE86 /* DocolSample */ = {
			isa = PBXNativeTarget;
			buildConfigurationList = FFFE89F925CBD6F900DDFE86 /* Build configuration list for PBXNativeTarget "DocolSample" */;
			buildPhases = (
				FFFE89C625CBD6F800DDFE86 /* Sources */,
				FFFE89C725CBD6F800DDFE86 /* Frameworks */,
				FFFE89C825CBD6F800DDFE86 /* Resources */,
				FFFE8A0F25CBD77B00DDFE86 /* Embed Frameworks */,
			);
			buildRules = (
			);
			dependencies = (
			);
			name = DocolSample;
			productName = DocolSample;
			productReference = FFFE89CA25CBD6F800DDFE86 /* DocolSample.app */;
			productType = "com.apple.product-type.application";
		};
		FFFE89E425CBD6F900DDFE86 /* DocolSampleTests */ = {
			isa = PBXNativeTarget;
			buildConfigurationList = FFFE89FC25CBD6F900DDFE86 /* Build configuration list for PBXNativeTarget "DocolSampleTests" */;
			buildPhases = (
				FFFE89E125CBD6F900DDFE86 /* Sources */,
				FFFE89E225CBD6F900DDFE86 /* Frameworks */,
				FFFE89E325CBD6F900DDFE86 /* Resources */,
			);
			buildRules = (
			);
			dependencies = (
				FFFE89E725CBD6F900DDFE86 /* PBXTargetDependency */,
			);
			name = DocolSampleTests;
			productName = DocolSampleTests;
			productReference = FFFE89E525CBD6F900DDFE86 /* DocolSampleTests.xctest */;
			productType = "com.apple.product-type.bundle.unit-test";
		};
		FFFE89EF25CBD6F900DDFE86 /* DocolSampleUITests */ = {
			isa = PBXNativeTarget;
			buildConfigurationList = FFFE89FF25CBD6F900DDFE86 /* Build configuration list for PBXNativeTarget "DocolSampleUITests" */;
			buildPhases = (
				FFFE89EC25CBD6F900DDFE86 /* Sources */,
				FFFE89ED25CBD6F900DDFE86 /* Frameworks */,
				FFFE89EE25CBD6F900DDFE86 /* Resources */,
			);
			buildRules = (
			);
			dependencies = (
				FFFE89F225CBD6F900DDFE86 /* PBXTargetDependency */,
			);
			name = DocolSampleUITests;
			productName = DocolSampleUITests;
			productReference = FFFE89F025CBD6F900DDFE86 /* DocolSampleUITests.xctest */;
			productType = "com.apple.product-type.bundle.ui-testing";
		};
/* End PBXNativeTarget section */

/* Begin PBXProject section */
		FFFE89C225CBD6F800DDFE86 /* Project object */ = {
			isa = PBXProject;
			attributes = {
				LastUpgradeCheck = 1240;
				TargetAttributes = {
					FFFE89C925CBD6F800DDFE86 = {
						CreatedOnToolsVersion = 12.4;
					};
					FFFE89E425CBD6F900DDFE86 = {
						CreatedOnToolsVersion = 12.4;
						TestTargetID = FFFE89C925CBD6F800DDFE86;
					};
					FFFE89EF25CBD6F900DDFE86 = {
						CreatedOnToolsVersion = 12.4;
						TestTargetID = FFFE89C925CBD6F800DDFE86;
					};
				};
			};
			buildConfigurationList = FFFE89C525CBD6F800DDFE86 /* Build configuration list for PBXProject "DocolSample" */;
			compatibilityVersion = "Xcode 9.3";
			developmentRegion = en;
			hasScannedForEncodings = 0;
			knownRegions = (
				en,
				Base,
			);
			mainGroup = FFFE89C125CBD6F800DDFE86;
			productRefGroup = FFFE89CB25CBD6F800DDFE86 /* Products */;
			projectDirPath = "";
			projectRoot = "";
			targets = (
				FFFE89C925CBD6F800DDFE86 /* DocolSample */,
				FFFE89E425CBD6F900DDFE86 /* DocolSampleTests */,
				FFFE89EF25CBD6F900DDFE86 /* DocolSampleUITests */,
			);
		};
/* End PBXProject section */

/* Begin PBXResourcesBuildPhase section */
		FFFE89C825CBD6F800DDFE86 /* Resources */ = {
			isa = PBXResourcesBuildPhase;
			buildActionMask = 2147483647;
			files = (
				FFFE89DD25CBD6F900DDFE86 /* LaunchScreen.storyboard in Resources */,
				FFFE89DA25CBD6F900DDFE86 /* Assets.xcassets in Resources */,
				FFFE89D825CBD6F800DDFE86 /* Main.storyboard in Resources */,
			);
			runOnlyForDeploymentPostprocessing = 0;
		};
		FFFE89E325CBD6F900DDFE86 /* Resources */ = {
			isa = PBXResourcesBuildPhase;
			buildActionMask = 2147483647;
			files = (
			);
			runOnlyForDeploymentPostprocessing = 0;
		};
		FFFE89EE25CBD6F900DDFE86 /* Resources */ = {
			isa = PBXResourcesBuildPhase;
			buildActionMask = 2147483647;
			files = (
			);
			runOnlyForDeploymentPostprocessing = 0;
		};
/* End PBXResourcesBuildPhase section */

/* Begin PBXSourcesBuildPhase section */
		FFFE89C625CBD6F800DDFE86 /* Sources */ = {
			isa = PBXSourcesBuildPhase;
			buildActionMask = 2147483647;
			files = (
				FFFE89D525CBD6F800DDFE86 /* ViewController.m in Sources */,
				FFFE89CF25CBD6F800DDFE86 /* AppDelegate.m in Sources */,
				FFFE89E025CBD6F900DDFE86 /* main.m in Sources */,
				FFFE89D225CBD6F800DDFE86 /* SceneDelegate.m in Sources */,
			);
			runOnlyForDeploymentPostprocessing = 0;
		};
		FFFE89E125CBD6F900DDFE86 /* Sources */ = {
			isa = PBXSourcesBuildPhase;
			buildActionMask = 2147483647;
			files = (
				FFFE89EA25CBD6F900DDFE86 /* DocolSampleTests.m in Sources */,
			);
			runOnlyForDeploymentPostprocessing = 0;
		};
		FFFE89EC25CBD6F900DDFE86 /* Sources */ = {
			isa = PBXSourcesBuildPhase;
			buildActionMask = 2147483647;
			files = (
				FFFE89F525CBD6F900DDFE86 /* DocolSampleUITests.m in Sources */,
			);
			runOnlyForDeploymentPostprocessing = 0;
		};
/* End PBXSourcesBuildPhase section */

/* Begin PBXTargetDependency section */
		FFFE89E725CBD6F900DDFE86 /* PBXTargetDependency */ = {
			isa = PBXTargetDependency;
			target = FFFE89C925CBD6F800DDFE86 /* DocolSample */;
			targetProxy = FFFE89E625CBD6F900DDFE86 /* PBXContainerItemProxy */;
		};
		FFFE89F225CBD6F900DDFE86 /* PBXTargetDependency */ = {
			isa = PBXTargetDependency;
			target = FFFE89C925CBD6F800DDFE86 /* DocolSample */;
			targetProxy = FFFE89F125CBD6F900DDFE86 /* PBXContainerItemProxy */;
		};
/* End PBXTargetDependency section */

/* Begin PBXVariantGroup section */
		FFFE89D625CBD6F800DDFE86 /* Main.storyboard */ = {
			isa = PBXVariantGroup;
			children = (
				FFFE89D725CBD6F800DDFE86 /* Base */,
			);
			name = Main.storyboard;
			sourceTree = "<group>";
		};
		FFFE89DB25CBD6F900DDFE86 /* LaunchScreen.storyboard */ = {
			isa = PBXVariantGroup;
			children = (
				FFFE89DC25CBD6F900DDFE86 /* Base */,
			);
			name = LaunchScreen.storyboard;
			sourceTree = "<group>";
		};
/* End PBXVariantGroup section */

/* Begin XCBuildConfiguration section */
		FFFE89F725CBD6F900DDFE86 /* Debug */ = {
			isa = XCBuildConfiguration;
			buildSettings = {
				ALWAYS_SEARCH_USER_PATHS = NO;
				CLANG_ANALYZER_NONNULL = YES;
				CLANG_ANALYZER_NUMBER_OBJECT_CONVERSION = YES_AGGRESSIVE;
				CLANG_CXX_LANGUAGE_STANDARD = "gnu++14";
				CLANG_CXX_LIBRARY = "libc++";
				CLANG_ENABLE_MODULES = YES;
				CLANG_ENABLE_OBJC_ARC = YES;
				CLANG_ENABLE_OBJC_WEAK = YES;
				CLANG_WARN_BLOCK_CAPTURE_AUTORELEASING = YES;
				CLANG_WARN_BOOL_CONVERSION = YES;
				CLANG_WARN_COMMA = YES;
				CLANG_WARN_CONSTANT_CONVERSION = YES;
				CLANG_WARN_DEPRECATED_OBJC_IMPLEMENTATIONS = YES;
				CLANG_WARN_DIRECT_OBJC_ISA_USAGE = YES_ERROR;
				CLANG_WARN_DOCUMENTATION_COMMENTS = YES;
				CLANG_WARN_EMPTY_BODY = YES;
				CLANG_WARN_ENUM_CONVERSION = YES;
				CLANG_WARN_INFINITE_RECURSION = YES;
				CLANG_WARN_INT_CONVERSION = YES;
				CLANG_WARN_NON_LITERAL_NULL_CONVERSION = YES;
				CLANG_WARN_OBJC_IMPLICIT_RETAIN_SELF = YES;
				CLANG_WARN_OBJC_LITERAL_CONVERSION = YES;
				CLANG_WARN_OBJC_ROOT_CLASS = YES_ERROR;
				CLANG_WARN_QUOTED_INCLUDE_IN_FRAMEWORK_HEADER = YES;
				CLANG_WARN_RANGE_LOOP_ANALYSIS = YES;
				CLANG_WARN_STRICT_PROTOTYPES = YES;
				CLANG_WARN_SUSPICIOUS_MOVE = YES;
				CLANG_WARN_UNGUARDED_AVAILABILITY = YES_AGGRESSIVE;
				CLANG_WARN_UNREACHABLE_CODE = YES;
				CLANG_WARN__DUPLICATE_METHOD_MATCH = YES;
				COPY_PHASE_STRIP = NO;
				DEBUG_INFORMATION_FORMAT = dwarf;
				ENABLE_STRICT_OBJC_MSGSEND = YES;
				ENABLE_TESTABILITY = YES;
				GCC_C_LANGUAGE_STANDARD = gnu11;
				GCC_DYNAMIC_NO_PIC = NO;
				GCC_NO_COMMON_BLOCKS = YES;
				GCC_OPTIMIZATION_LEVEL = 0;
				GCC_PREPROCESSOR_DEFINITIONS = (
					"DEBUG=1",
					"$(inherited)",
				);
				GCC_WARN_64_TO_32_BIT_CONVERSION = YES;
				GCC_WARN_ABOUT_RETURN_TYPE = YES_ERROR;
				GCC_WARN_UNDECLARED_SELECTOR = YES;
				GCC_WARN_UNINITIALIZED_AUTOS = YES_AGGRESSIVE;
				GCC_WARN_UNUSED_FUNCTION = YES;
				GCC_WARN_UNUSED_VARIABLE = YES;
				IPHONEOS_DEPLOYMENT_TARGET = 14.4;
				MTL_ENABLE_DEBUG_INFO = INCLUDE_SOURCE;
				MTL_FAST_MATH = YES;
				ONLY_ACTIVE_ARCH = YES;
				SDKROOT = iphoneos;
			};
			name = Debug;
		};
		FFFE89F825CBD6F900DDFE86 /* Release */ = {
			isa = XCBuildConfiguration;
			buildSettings = {
				ALWAYS_SEARCH_USER_PATHS = NO;
				CLANG_ANALYZER_NONNULL = YES;
				CLANG_ANALYZER_NUMBER_OBJECT_CONVERSION = YES_AGGRESSIVE;
				CLANG_CXX_LANGUAGE_STANDARD = "gnu++14";
				CLANG_CXX_LIBRARY = "libc++";
				CLANG_ENABLE_MODULES = YES;
				CLANG_ENABLE_OBJC_ARC = YES;
				CLANG_ENABLE_OBJC_WEAK = YES;
				CLANG_WARN_BLOCK_CAPTURE_AUTORELEASING = YES;
				CLANG_WARN_BOOL_CONVERSION = YES;
				CLANG_WARN_COMMA = YES;
				CLANG_WARN_CONSTANT_CONVERSION = YES;
				CLANG_WARN_DEPRECATED_OBJC_IMPLEMENTATIONS = YES;
				CLANG_WARN_DIRECT_OBJC_ISA_USAGE = YES_ERROR;
				CLANG_WARN_DOCUMENTATION_COMMENTS = YES;
				CLANG_WARN_EMPTY_BODY = YES;
				CLANG_WARN_ENUM_CONVERSION = YES;
				CLANG_WARN_INFINITE_RECURSION = YES;
				CLANG_WARN_INT_CONVERSION = YES;
				CLANG_WARN_NON_LITERAL_NULL_CONVERSION = YES;
				CLANG_WARN_OBJC_IMPLICIT_RETAIN_SELF = YES;
				CLANG_WARN_OBJC_LITERAL_CONVERSION = YES;
				CLANG_WARN_OBJC_ROOT_CLASS = YES_ERROR;
				CLANG_WARN_QUOTED_INCLUDE_IN_FRAMEWORK_HEADER = YES;
				CLANG_WARN_RANGE_LOOP_ANALYSIS = YES;
				CLANG_WARN_STRICT_PROTOTYPES = YES;
				CLANG_WARN_SUSPICIOUS_MOVE = YES;
				CLANG_WARN_UNGUARDED_AVAILABILITY = YES_AGGRESSIVE;
				CLANG_WARN_UNREACHABLE_CODE = YES;
				CLANG_WARN__DUPLICATE_METHOD_MATCH = YES;
				COPY_PHASE_STRIP = NO;
				DEBUG_INFORMATION_FORMAT = "dwarf-with-dsym";
				ENABLE_NS_ASSERTIONS = NO;
				ENABLE_STRICT_OBJC_MSGSEND = YES;
				GCC_C_LANGUAGE_STANDARD = gnu11;
				GCC_NO_COMMON_BLOCKS = YES;
				GCC_WARN_64_TO_32_BIT_CONVERSION = YES;
				GCC_WARN_ABOUT_RETURN_TYPE = YES_ERROR;
				GCC_WARN_UNDECLARED_SELECTOR = YES;
				GCC_WARN_UNINITIALIZED_AUTOS = YES_AGGRESSIVE;
				GCC_WARN_UNUSED_FUNCTION = YES;
				GCC_WARN_UNUSED_VARIABLE = YES;
				IPHONEOS_DEPLOYMENT_TARGET = 14.4;
				MTL_ENABLE_DEBUG_INFO = NO;
				MTL_FAST_MATH = YES;
				SDKROOT = iphoneos;
				VALIDATE_PRODUCT = YES;
			};
			name = Release;
		};
		FFFE89FA25CBD6F900DDFE86 /* Debug */ = {
			isa = XCBuildConfiguration;
			buildSettings = {
				ASSETCATALOG_COMPILER_APPICON_NAME = AppIcon;
				ASSETCATALOG_COMPILER_GLOBAL_ACCENT_COLOR_NAME = AccentColor;
				CODE_SIGN_STYLE = Automatic;
				DEVELOPMENT_TEAM = JSNN4SC3KH;
				INFOPLIST_FILE = DocolSample/Info.plist;
				LD_RUNPATH_SEARCH_PATHS = (
					"$(inherited)",
					"@executable_path/Frameworks",
				);
				PRODUCT_BUNDLE_IDENTIFIER = cn.net.veritrans.DocolSample;
				PRODUCT_NAME = "$(TARGET_NAME)";
				TARGETED_DEVICE_FAMILY = "1,2";
			};
			name = Debug;
		};
		FFFE89FB25CBD6F900DDFE86 /* Release */ = {
			isa = XCBuildConfiguration;
			buildSettings = {
				ASSETCATALOG_COMPILER_APPICON_NAME = AppIcon;
				ASSETCATALOG_COMPILER_GLOBAL_ACCENT_COLOR_NAME = AccentColor;
				CODE_SIGN_STYLE = Automatic;
				DEVELOPMENT_TEAM = JSNN4SC3KH;
				INFOPLIST_FILE = DocolSample/Info.plist;
				LD_RUNPATH_SEARCH_PATHS = (
					"$(inherited)",
					"@executable_path/Frameworks",
				);
				PRODUCT_BUNDLE_IDENTIFIER = cn.net.veritrans.DocolSample;
				PRODUCT_NAME = "$(TARGET_NAME)";
				TARGETED_DEVICE_FAMILY = "1,2";
			};
			name = Release;
		};
		FFFE89FD25CBD6F900DDFE86 /* Debug */ = {
			isa = XCBuildConfiguration;
			buildSettings = {
				BUNDLE_LOADER = "$(TEST_HOST)";
				CODE_SIGN_STYLE = Automatic;
				DEVELOPMENT_TEAM = JSNN4SC3KH;
				INFOPLIST_FILE = DocolSampleTests/Info.plist;
				IPHONEOS_DEPLOYMENT_TARGET = 14.4;
				LD_RUNPATH_SEARCH_PATHS = (
					"$(inherited)",
					"@executable_path/Frameworks",
					"@loader_path/Frameworks",
				);
				PRODUCT_BUNDLE_IDENTIFIER = cn.net.veritrans.DocolSampleTests;
				PRODUCT_NAME = "$(TARGET_NAME)";
				TARGETED_DEVICE_FAMILY = "1,2";
				TEST_HOST = "$(BUILT_PRODUCTS_DIR)/DocolSample.app/DocolSample";
			};
			name = Debug;
		};
		FFFE89FE25CBD6F900DDFE86 /* Release */ = {
			isa = XCBuildConfiguration;
			buildSettings = {
				BUNDLE_LOADER = "$(TEST_HOST)";
				CODE_SIGN_STYLE = Automatic;
				DEVELOPMENT_TEAM = JSNN4SC3KH;
				INFOPLIST_FILE = DocolSampleTests/Info.plist;
				IPHONEOS_DEPLOYMENT_TARGET = 14.4;
				LD_RUNPATH_SEARCH_PATHS = (
					"$(inherited)",
					"@executable_path/Frameworks",
					"@loader_path/Frameworks",
				);
				PRODUCT_BUNDLE_IDENTIFIER = cn.net.veritrans.DocolSampleTests;
				PRODUCT_NAME = "$(TARGET_NAME)";
				TARGETED_DEVICE_FAMILY = "1,2";
				TEST_HOST = "$(BUILT_PRODUCTS_DIR)/DocolSample.app/DocolSample";
			};
			name = Release;
		};
		FFFE8A0025CBD6F900DDFE86 /* Debug */ = {
			isa = XCBuildConfiguration;
			buildSettings = {
				CODE_SIGN_STYLE = Automatic;
				DEVELOPMENT_TEAM = JSNN4SC3KH;
				INFOPLIST_FILE = DocolSampleUITests/Info.plist;
				LD_RUNPATH_SEARCH_PATHS = (
					"$(inherited)",
					"@executable_path/Frameworks",
					"@loader_path/Frameworks",
				);
				PRODUCT_BUNDLE_IDENTIFIER = cn.net.veritrans.DocolSampleUITests;
				PRODUCT_NAME = "$(TARGET_NAME)";
				TARGETED_DEVICE_FAMILY = "1,2";
				TEST_TARGET_NAME = DocolSample;
			};
			name = Debug;
		};
		FFFE8A0125CBD6F900DDFE86 /* Release */ = {
			isa = XCBuildConfiguration;
			buildSettings = {
				CODE_SIGN_STYLE = Automatic;
				DEVELOPMENT_TEAM = JSNN4SC3KH;
				INFOPLIST_FILE = DocolSampleUITests/Info.plist;
				LD_RUNPATH_SEARCH_PATHS = (
					"$(inherited)",
					"@executable_path/Frameworks",
					"@loader_path/Frameworks",
				);
				PRODUCT_BUNDLE_IDENTIFIER = cn.net.veritrans.DocolSampleUITests;
				PRODUCT_NAME = "$(TARGET_NAME)";
				TARGETED_DEVICE_FAMILY = "1,2";
				TEST_TARGET_NAME = DocolSample;
			};
			name = Release;
		};
/* End XCBuildConfiguration section */

/* Begin XCConfigurationList section */
		FFFE89C525CBD6F800DDFE86 /* Build configuration list for PBXProject "DocolSample" */ = {
			isa = XCConfigurationList;
			buildConfigurations = (
				FFFE89F725CBD6F900DDFE86 /* Debug */,
				FFFE89F825CBD6F900DDFE86 /* Release */,
			);
			defaultConfigurationIsVisible = 0;
			defaultConfigurationName = Release;
		};
		FFFE89F925CBD6F900DDFE86 /* Build configuration list for PBXNativeTarget "DocolSample" */ = {
			isa = XCConfigurationList;
			buildConfigurations = (
				FFFE89FA25CBD6F900DDFE86 /* Debug */,
				FFFE89FB25CBD6F900DDFE86 /* Release */,
			);
			defaultConfigurationIsVisible = 0;
			defaultConfigurationName = Release;
		};
		FFFE89FC25CBD6F900DDFE86 /* Build configuration list for PBXNativeTarget "DocolSampleTests" */ = {
			isa = XCConfigurationList;
			buildConfigurations = (
				FFFE89FD25CBD6F900DDFE86 /* Debug */,
				FFFE89FE25CBD6F900DDFE86 /* Release */,
			);
			defaultConfigurationIsVisible = 0;
			defaultConfigurationName = Release;
		};
		FFFE89FF25CBD6F900DDFE86 /* Build configuration list for PBXNativeTarget "DocolSampleUITests" */ = {
			isa = XCConfigurationList;
			buildConfigurations = (
				FFFE8A0025CBD6F900DDFE86 /* Debug */,
				FFFE8A0125CBD6F900DDFE86 /* Release */,
			);
			defaultConfigurationIsVisible = 0;
			defaultConfigurationName = Release;
		};
/* End XCConfigurationList section */
	};
	rootObject = FFFE89C225CBD6F800DDFE86 /* Project object */;
}
